// !$*UTF8*$!
{
	archiveVersion = 1;
	classes = {
	};
	objectVersion = 56;
	objects = {

/* Begin PBXBuildFile section */
		89262AD82C38802900423846 /* NavigatableViewController.swift in Sources */ = {isa = PBXBuildFile; fileRef = 89262AD72C38802900423846 /* NavigatableViewController.swift */; };
		8949BE582C360A6300871C69 /* AppDelegate.swift in Sources */ = {isa = PBXBuildFile; fileRef = 8949BE572C360A6300871C69 /* AppDelegate.swift */; };
		8949BE5A2C360A6300871C69 /* SceneDelegate.swift in Sources */ = {isa = PBXBuildFile; fileRef = 8949BE592C360A6300871C69 /* SceneDelegate.swift */; };
		8949BE622C360A6300871C69 /* ViewCode_MVC_Coordinator.xcdatamodeld in Sources */ = {isa = PBXBuildFile; fileRef = 8949BE602C360A6300871C69 /* ViewCode_MVC_Coordinator.xcdatamodeld */; };
		8949BE642C360A6400871C69 /* Assets.xcassets in Resources */ = {isa = PBXBuildFile; fileRef = 8949BE632C360A6400871C69 /* Assets.xcassets */; };
		8949BE672C360A6400871C69 /* Base in Resources */ = {isa = PBXBuildFile; fileRef = 8949BE662C360A6400871C69 /* Base */; };
		8949BE722C360A6400871C69 /* ViewCode_MVC_CoordinatorTests.swift in Sources */ = {isa = PBXBuildFile; fileRef = 8949BE712C360A6400871C69 /* ViewCode_MVC_CoordinatorTests.swift */; };
		8949BE7C2C360A6400871C69 /* ViewCode_MVC_CoordinatorUITests.swift in Sources */ = {isa = PBXBuildFile; fileRef = 8949BE7B2C360A6400871C69 /* ViewCode_MVC_CoordinatorUITests.swift */; };
		8949BE7E2C360A6400871C69 /* ViewCode_MVC_CoordinatorUITestsLaunchTests.swift in Sources */ = {isa = PBXBuildFile; fileRef = 8949BE7D2C360A6400871C69 /* ViewCode_MVC_CoordinatorUITestsLaunchTests.swift */; };
		89CCEF832C3750C000433BC0 /* ViewCode.swift in Sources */ = {isa = PBXBuildFile; fileRef = 89CCEF822C3750C000433BC0 /* ViewCode.swift */; };
		89CCEF8B2C37518A00433BC0 /* ListsViewController.swift in Sources */ = {isa = PBXBuildFile; fileRef = 89CCEF8A2C37518A00433BC0 /* ListsViewController.swift */; };
		89CCEF8D2C3751B000433BC0 /* ListsView.swift in Sources */ = {isa = PBXBuildFile; fileRef = 89CCEF8C2C3751B000433BC0 /* ListsView.swift */; };
		89CCEF902C37682E00433BC0 /* Coordinator.swift in Sources */ = {isa = PBXBuildFile; fileRef = 89CCEF8F2C37682E00433BC0 /* Coordinator.swift */; };
		89CCEF962C376B6900433BC0 /* MainCoordinator.swift in Sources */ = {isa = PBXBuildFile; fileRef = 89CCEF952C376B6900433BC0 /* MainCoordinator.swift */; };
		89CCEF9C2C376D4000433BC0 /* ListDetailView.swift in Sources */ = {isa = PBXBuildFile; fileRef = 89CCEF9B2C376D4000433BC0 /* ListDetailView.swift */; };
		89CCEF9E2C376D5300433BC0 /* ListDetailViewController.swift in Sources */ = {isa = PBXBuildFile; fileRef = 89CCEF9D2C376D5300433BC0 /* ListDetailViewController.swift */; };
/* End PBXBuildFile section */

/* Begin PBXContainerItemProxy section */
		8949BE6E2C360A6400871C69 /* PBXContainerItemProxy */ = {
			isa = PBXContainerItemProxy;
			containerPortal = 8949BE4C2C360A6300871C69 /* Project object */;
			proxyType = 1;
			remoteGlobalIDString = 8949BE532C360A6300871C69;
			remoteInfo = "ViewCode+MVC+Coordinator";
		};
		8949BE782C360A6400871C69 /* PBXContainerItemProxy */ = {
			isa = PBXContainerItemProxy;
			containerPortal = 8949BE4C2C360A6300871C69 /* Project object */;
			proxyType = 1;
			remoteGlobalIDString = 8949BE532C360A6300871C69;
			remoteInfo = "ViewCode+MVC+Coordinator";
		};
/* End PBXContainerItemProxy section */

/* Begin PBXFileReference section */
		89262AD72C38802900423846 /* NavigatableViewController.swift */ = {isa = PBXFileReference; lastKnownFileType = sourcecode.swift; path = NavigatableViewController.swift; sourceTree = "<group>"; };
		8949BE542C360A6300871C69 /* ViewCode+MVC+Coordinator.app */ = {isa = PBXFileReference; explicitFileType = wrapper.application; includeInIndex = 0; path = "ViewCode+MVC+Coordinator.app"; sourceTree = BUILT_PRODUCTS_DIR; };
		8949BE572C360A6300871C69 /* AppDelegate.swift */ = {isa = PBXFileReference; lastKnownFileType = sourcecode.swift; path = AppDelegate.swift; sourceTree = "<group>"; };
		8949BE592C360A6300871C69 /* SceneDelegate.swift */ = {isa = PBXFileReference; lastKnownFileType = sourcecode.swift; path = SceneDelegate.swift; sourceTree = "<group>"; };
		8949BE612C360A6300871C69 /* ViewCode_MVC_Coordinator.xcdatamodel */ = {isa = PBXFileReference; lastKnownFileType = wrapper.xcdatamodel; path = ViewCode_MVC_Coordinator.xcdatamodel; sourceTree = "<group>"; };
		8949BE632C360A6400871C69 /* Assets.xcassets */ = {isa = PBXFileReference; lastKnownFileType = folder.assetcatalog; path = Assets.xcassets; sourceTree = "<group>"; };
		8949BE662C360A6400871C69 /* Base */ = {isa = PBXFileReference; lastKnownFileType = file.storyboard; name = Base; path = Base.lproj/LaunchScreen.storyboard; sourceTree = "<group>"; };
		8949BE682C360A6400871C69 /* Info.plist */ = {isa = PBXFileReference; lastKnownFileType = text.plist.xml; path = Info.plist; sourceTree = "<group>"; };
		8949BE6D2C360A6400871C69 /* ViewCode+MVC+CoordinatorTests.xctest */ = {isa = PBXFileReference; explicitFileType = wrapper.cfbundle; includeInIndex = 0; path = "ViewCode+MVC+CoordinatorTests.xctest"; sourceTree = BUILT_PRODUCTS_DIR; };
		8949BE712C360A6400871C69 /* ViewCode_MVC_CoordinatorTests.swift */ = {isa = PBXFileReference; lastKnownFileType = sourcecode.swift; path = ViewCode_MVC_CoordinatorTests.swift; sourceTree = "<group>"; };
		8949BE772C360A6400871C69 /* ViewCode+MVC+CoordinatorUITests.xctest */ = {isa = PBXFileReference; explicitFileType = wrapper.cfbundle; includeInIndex = 0; path = "ViewCode+MVC+CoordinatorUITests.xctest"; sourceTree = BUILT_PRODUCTS_DIR; };
		8949BE7B2C360A6400871C69 /* ViewCode_MVC_CoordinatorUITests.swift */ = {isa = PBXFileReference; lastKnownFileType = sourcecode.swift; path = ViewCode_MVC_CoordinatorUITests.swift; sourceTree = "<group>"; };
		8949BE7D2C360A6400871C69 /* ViewCode_MVC_CoordinatorUITestsLaunchTests.swift */ = {isa = PBXFileReference; lastKnownFileType = sourcecode.swift; path = ViewCode_MVC_CoordinatorUITestsLaunchTests.swift; sourceTree = "<group>"; };
		89CCEF822C3750C000433BC0 /* ViewCode.swift */ = {isa = PBXFileReference; lastKnownFileType = sourcecode.swift; path = ViewCode.swift; sourceTree = "<group>"; };
		89CCEF8A2C37518A00433BC0 /* ListsViewController.swift */ = {isa = PBXFileReference; lastKnownFileType = sourcecode.swift; path = ListsViewController.swift; sourceTree = "<group>"; };
		89CCEF8C2C3751B000433BC0 /* ListsView.swift */ = {isa = PBXFileReference; lastKnownFileType = sourcecode.swift; path = ListsView.swift; sourceTree = "<group>"; };
		89CCEF8F2C37682E00433BC0 /* Coordinator.swift */ = {isa = PBXFileReference; lastKnownFileType = sourcecode.swift; path = Coordinator.swift; sourceTree = "<group>"; };
		89CCEF952C376B6900433BC0 /* MainCoordinator.swift */ = {isa = PBXFileReference; lastKnownFileType = sourcecode.swift; path = MainCoordinator.swift; sourceTree = "<group>"; };
		89CCEF9B2C376D4000433BC0 /* ListDetailView.swift */ = {isa = PBXFileReference; lastKnownFileType = sourcecode.swift; path = ListDetailView.swift; sourceTree = "<group>"; };
		89CCEF9D2C376D5300433BC0 /* ListDetailViewController.swift */ = {isa = PBXFileReference; lastKnownFileType = sourcecode.swift; path = ListDetailViewController.swift; sourceTree = "<group>"; };
/* End PBXFileReference section */

/* Begin PBXFrameworksBuildPhase section */
		8949BE512C360A6300871C69 /* Frameworks */ = {
			isa = PBXFrameworksBuildPhase;
			buildActionMask = 2147483647;
			files = (
			);
			runOnlyForDeploymentPostprocessing = 0;
		};
		8949BE6A2C360A6400871C69 /* Frameworks */ = {
			isa = PBXFrameworksBuildPhase;
			buildActionMask = 2147483647;
			files = (
			);
			runOnlyForDeploymentPostprocessing = 0;
		};
		8949BE742C360A6400871C69 /* Frameworks */ = {
			isa = PBXFrameworksBuildPhase;
			buildActionMask = 2147483647;
			files = (
			);
			runOnlyForDeploymentPostprocessing = 0;
		};
/* End PBXFrameworksBuildPhase section */

/* Begin PBXGroup section */
		8949BE4B2C360A6300871C69 = {
			isa = PBXGroup;
			children = (
				8949BE562C360A6300871C69 /* ViewCode+MVC+Coordinator */,
				8949BE702C360A6400871C69 /* ViewCode+MVC+CoordinatorTests */,
				8949BE7A2C360A6400871C69 /* ViewCode+MVC+CoordinatorUITests */,
				8949BE552C360A6300871C69 /* Products */,
			);
			sourceTree = "<group>";
		};
		8949BE552C360A6300871C69 /* Products */ = {
			isa = PBXGroup;
			children = (
				8949BE542C360A6300871C69 /* ViewCode+MVC+Coordinator.app */,
				8949BE6D2C360A6400871C69 /* ViewCode+MVC+CoordinatorTests.xctest */,
				8949BE772C360A6400871C69 /* ViewCode+MVC+CoordinatorUITests.xctest */,
			);
			name = Products;
			sourceTree = "<group>";
		};
		8949BE562C360A6300871C69 /* ViewCode+MVC+Coordinator */ = {
			isa = PBXGroup;
			children = (
				89CCEF8E2C37682400433BC0 /* Coordinator */,
				89CCEF882C37517A00433BC0 /* Features */,
				8949BE572C360A6300871C69 /* AppDelegate.swift */,
				8949BE592C360A6300871C69 /* SceneDelegate.swift */,
				89CCEF822C3750C000433BC0 /* ViewCode.swift */,
				8949BE632C360A6400871C69 /* Assets.xcassets */,
				8949BE652C360A6400871C69 /* LaunchScreen.storyboard */,
				8949BE682C360A6400871C69 /* Info.plist */,
				8949BE602C360A6300871C69 /* ViewCode_MVC_Coordinator.xcdatamodeld */,
			);
			path = "ViewCode+MVC+Coordinator";
			sourceTree = "<group>";
		};
		8949BE702C360A6400871C69 /* ViewCode+MVC+CoordinatorTests */ = {
			isa = PBXGroup;
			children = (
				8949BE712C360A6400871C69 /* ViewCode_MVC_CoordinatorTests.swift */,
			);
			path = "ViewCode+MVC+CoordinatorTests";
			sourceTree = "<group>";
		};
		8949BE7A2C360A6400871C69 /* ViewCode+MVC+CoordinatorUITests */ = {
			isa = PBXGroup;
			children = (
				8949BE7B2C360A6400871C69 /* ViewCode_MVC_CoordinatorUITests.swift */,
				8949BE7D2C360A6400871C69 /* ViewCode_MVC_CoordinatorUITestsLaunchTests.swift */,
			);
			path = "ViewCode+MVC+CoordinatorUITests";
			sourceTree = "<group>";
		};
		89CCEF882C37517A00433BC0 /* Features */ = {
			isa = PBXGroup;
			children = (
				89CCEF9A2C376D1F00433BC0 /* ListDetailView */,
				89CCEF892C37518000433BC0 /* ListsView */,
			);
			path = Features;
			sourceTree = "<group>";
		};
		89CCEF892C37518000433BC0 /* ListsView */ = {
			isa = PBXGroup;
			children = (
				89CCEF8A2C37518A00433BC0 /* ListsViewController.swift */,
				89CCEF8C2C3751B000433BC0 /* ListsView.swift */,
			);
			path = ListsView;
			sourceTree = "<group>";
		};
		89CCEF8E2C37682400433BC0 /* Coordinator */ = {
			isa = PBXGroup;
			children = (
				89CCEF8F2C37682E00433BC0 /* Coordinator.swift */,
				89CCEF952C376B6900433BC0 /* MainCoordinator.swift */,
				89262AD72C38802900423846 /* NavigatableViewController.swift */,
			);
			path = Coordinator;
			sourceTree = "<group>";
		};
		89CCEF9A2C376D1F00433BC0 /* ListDetailView */ = {
			isa = PBXGroup;
			children = (
				89CCEF9B2C376D4000433BC0 /* ListDetailView.swift */,
				89CCEF9D2C376D5300433BC0 /* ListDetailViewController.swift */,
			);
			path = ListDetailView;
			sourceTree = "<group>";
		};
/* End PBXGroup section */

/* Begin PBXNativeTarget section */
		8949BE532C360A6300871C69 /* ViewCode+MVC+Coordinator */ = {
			isa = PBXNativeTarget;
			buildConfigurationList = 8949BE812C360A6400871C69 /* Build configuration list for PBXNativeTarget "ViewCode+MVC+Coordinator" */;
			buildPhases = (
				8949BE502C360A6300871C69 /* Sources */,
				8949BE512C360A6300871C69 /* Frameworks */,
				8949BE522C360A6300871C69 /* Resources */,
			);
			buildRules = (
			);
			dependencies = (
			);
			name = "ViewCode+MVC+Coordinator";
			productName = "ViewCode+MVC+Coordinator";
			productReference = 8949BE542C360A6300871C69 /* ViewCode+MVC+Coordinator.app */;
			productType = "com.apple.product-type.application";
		};
		8949BE6C2C360A6400871C69 /* ViewCode+MVC+CoordinatorTests */ = {
			isa = PBXNativeTarget;
			buildConfigurationList = 8949BE842C360A6400871C69 /* Build configuration list for PBXNativeTarget "ViewCode+MVC+CoordinatorTests" */;
			buildPhases = (
				8949BE692C360A6400871C69 /* Sources */,
				8949BE6A2C360A6400871C69 /* Frameworks */,
				8949BE6B2C360A6400871C69 /* Resources */,
			);
			buildRules = (
			);
			dependencies = (
				8949BE6F2C360A6400871C69 /* PBXTargetDependency */,
			);
			name = "ViewCode+MVC+CoordinatorTests";
			productName = "ViewCode+MVC+CoordinatorTests";
			productReference = 8949BE6D2C360A6400871C69 /* ViewCode+MVC+CoordinatorTests.xctest */;
			productType = "com.apple.product-type.bundle.unit-test";
		};
		8949BE762C360A6400871C69 /* ViewCode+MVC+CoordinatorUITests */ = {
			isa = PBXNativeTarget;
			buildConfigurationList = 8949BE872C360A6400871C69 /* Build configuration list for PBXNativeTarget "ViewCode+MVC+CoordinatorUITests" */;
			buildPhases = (
				8949BE732C360A6400871C69 /* Sources */,
				8949BE742C360A6400871C69 /* Frameworks */,
				8949BE752C360A6400871C69 /* Resources */,
			);
			buildRules = (
			);
			dependencies = (
				8949BE792C360A6400871C69 /* PBXTargetDependency */,
			);
			name = "ViewCode+MVC+CoordinatorUITests";
			productName = "ViewCode+MVC+CoordinatorUITests";
			productReference = 8949BE772C360A6400871C69 /* ViewCode+MVC+CoordinatorUITests.xctest */;
			productType = "com.apple.product-type.bundle.ui-testing";
		};
/* End PBXNativeTarget section */

/* Begin PBXProject section */
		8949BE4C2C360A6300871C69 /* Project object */ = {
			isa = PBXProject;
			attributes = {
				BuildIndependentTargetsInParallel = 1;
				LastSwiftUpdateCheck = 1540;
				LastUpgradeCheck = 1540;
				TargetAttributes = {
					8949BE532C360A6300871C69 = {
						CreatedOnToolsVersion = 15.4;
					};
					8949BE6C2C360A6400871C69 = {
						CreatedOnToolsVersion = 15.4;
						TestTargetID = 8949BE532C360A6300871C69;
					};
					8949BE762C360A6400871C69 = {
						CreatedOnToolsVersion = 15.4;
						TestTargetID = 8949BE532C360A6300871C69;
					};
				};
			};
			buildConfigurationList = 8949BE4F2C360A6300871C69 /* Build configuration list for PBXProject "ViewCode+MVC+Coordinator" */;
			compatibilityVersion = "Xcode 14.0";
			developmentRegion = en;
			hasScannedForEncodings = 0;
			knownRegions = (
				en,
				Base,
			);
			mainGroup = 8949BE4B2C360A6300871C69;
			productRefGroup = 8949BE552C360A6300871C69 /* Products */;
			projectDirPath = "";
			projectRoot = "";
			targets = (
				8949BE532C360A6300871C69 /* ViewCode+MVC+Coordinator */,
				8949BE6C2C360A6400871C69 /* ViewCode+MVC+CoordinatorTests */,
				8949BE762C360A6400871C69 /* ViewCode+MVC+CoordinatorUITests */,
			);
		};
/* End PBXProject section */

/* Begin PBXResourcesBuildPhase section */
		8949BE522C360A6300871C69 /* Resources */ = {
			isa = PBXResourcesBuildPhase;
			buildActionMask = 2147483647;
			files = (
				8949BE642C360A6400871C69 /* Assets.xcassets in Resources */,
				8949BE672C360A6400871C69 /* Base in Resources */,
			);
			runOnlyForDeploymentPostprocessing = 0;
		};
		8949BE6B2C360A6400871C69 /* Resources */ = {
			isa = PBXResourcesBuildPhase;
			buildActionMask = 2147483647;
			files = (
			);
			runOnlyForDeploymentPostprocessing = 0;
		};
		8949BE752C360A6400871C69 /* Resources */ = {
			isa = PBXResourcesBuildPhase;
			buildActionMask = 2147483647;
			files = (
			);
			runOnlyForDeploymentPostprocessing = 0;
		};
/* End PBXResourcesBuildPhase section */

/* Begin PBXSourcesBuildPhase section */
		8949BE502C360A6300871C69 /* Sources */ = {
			isa = PBXSourcesBuildPhase;
			buildActionMask = 2147483647;
			files = (
				89CCEF8D2C3751B000433BC0 /* ListsView.swift in Sources */,
				89CCEF962C376B6900433BC0 /* MainCoordinator.swift in Sources */,
				89CCEF832C3750C000433BC0 /* ViewCode.swift in Sources */,
				89262AD82C38802900423846 /* NavigatableViewController.swift in Sources */,
				89CCEF8B2C37518A00433BC0 /* ListsViewController.swift in Sources */,
				8949BE582C360A6300871C69 /* AppDelegate.swift in Sources */,
				8949BE5A2C360A6300871C69 /* SceneDelegate.swift in Sources */,
				89CCEF9C2C376D4000433BC0 /* ListDetailView.swift in Sources */,
				8949BE622C360A6300871C69 /* ViewCode_MVC_Coordinator.xcdatamodeld in Sources */,
				89CCEF902C37682E00433BC0 /* Coordinator.swift in Sources */,
				89CCEF9E2C376D5300433BC0 /* ListDetailViewController.swift in Sources */,
			);
			runOnlyForDeploymentPostprocessing = 0;
		};
		8949BE692C360A6400871C69 /* Sources */ = {
			isa = PBXSourcesBuildPhase;
			buildActionMask = 2147483647;
			files = (
				8949BE722C360A6400871C69 /* ViewCode_MVC_CoordinatorTests.swift in Sources */,
			);
			runOnlyForDeploymentPostprocessing = 0;
		};
		8949BE732C360A6400871C69 /* Sources */ = {
			isa = PBXSourcesBuildPhase;
			buildActionMask = 2147483647;
			files = (
				8949BE7E2C360A6400871C69 /* ViewCode_MVC_CoordinatorUITestsLaunchTests.swift in Sources */,
				8949BE7C2C360A6400871C69 /* ViewCode_MVC_CoordinatorUITests.swift in Sources */,
			);
			runOnlyForDeploymentPostprocessing = 0;
		};
/* End PBXSourcesBuildPhase section */

/* Begin PBXTargetDependency section */
		8949BE6F2C360A6400871C69 /* PBXTargetDependency */ = {
			isa = PBXTargetDependency;
			target = 8949BE532C360A6300871C69 /* ViewCode+MVC+Coordinator */;
			targetProxy = 8949BE6E2C360A6400871C69 /* PBXContainerItemProxy */;
		};
		8949BE792C360A6400871C69 /* PBXTargetDependency */ = {
			isa = PBXTargetDependency;
			target = 8949BE532C360A6300871C69 /* ViewCode+MVC+Coordinator */;
			targetProxy = 8949BE782C360A6400871C69 /* PBXContainerItemProxy */;
		};
/* End PBXTargetDependency section */

/* Begin PBXVariantGroup section */
		8949BE652C360A6400871C69 /* LaunchScreen.storyboard */ = {
			isa = PBXVariantGroup;
			children = (
				8949BE662C360A6400871C69 /* Base */,
			);
			name = LaunchScreen.storyboard;
			sourceTree = "<group>";
		};
/* End PBXVariantGroup section */

/* Begin XCBuildConfiguration section */
		8949BE7F2C360A6400871C69 /* Debug */ = {
			isa = XCBuildConfiguration;
			buildSettings = {
				ALWAYS_SEARCH_USER_PATHS = NO;
				ASSETCATALOG_COMPILER_GENERATE_SWIFT_ASSET_SYMBOL_EXTENSIONS = YES;
				CLANG_ANALYZER_NONNULL = YES;
				CLANG_ANALYZER_NUMBER_OBJECT_CONVERSION = YES_AGGRESSIVE;
				CLANG_CXX_LANGUAGE_STANDARD = "gnu++20";
				CLANG_ENABLE_MODULES = YES;
				CLANG_ENABLE_OBJC_ARC = YES;
				CLANG_ENABLE_OBJC_WEAK = YES;
				CLANG_WARN_BLOCK_CAPTURE_AUTORELEASING = YES;
				CLANG_WARN_BOOL_CONVERSION = YES;
				CLANG_WARN_COMMA = YES;
				CLANG_WARN_CONSTANT_CONVERSION = YES;
				CLANG_WARN_DEPRECATED_OBJC_IMPLEMENTATIONS = YES;
				CLANG_WARN_DIRECT_OBJC_ISA_USAGE = YES_ERROR;
				CLANG_WARN_DOCUMENTATION_COMMENTS = YES;
				CLANG_WARN_EMPTY_BODY = YES;
				CLANG_WARN_ENUM_CONVERSION = YES;
				CLANG_WARN_INFINITE_RECURSION = YES;
				CLANG_WARN_INT_CONVERSION = YES;
				CLANG_WARN_NON_LITERAL_NULL_CONVERSION = YES;
				CLANG_WARN_OBJC_IMPLICIT_RETAIN_SELF = YES;
				CLANG_WARN_OBJC_LITERAL_CONVERSION = YES;
				CLANG_WARN_OBJC_ROOT_CLASS = YES_ERROR;
				CLANG_WARN_QUOTED_INCLUDE_IN_FRAMEWORK_HEADER = YES;
				CLANG_WARN_RANGE_LOOP_ANALYSIS = YES;
				CLANG_WARN_STRICT_PROTOTYPES = YES;
				CLANG_WARN_SUSPICIOUS_MOVE = YES;
				CLANG_WARN_UNGUARDED_AVAILABILITY = YES_AGGRESSIVE;
				CLANG_WARN_UNREACHABLE_CODE = YES;
				CLANG_WARN__DUPLICATE_METHOD_MATCH = YES;
				COPY_PHASE_STRIP = NO;
				DEBUG_INFORMATION_FORMAT = dwarf;
				ENABLE_STRICT_OBJC_MSGSEND = YES;
				ENABLE_TESTABILITY = YES;
				ENABLE_USER_SCRIPT_SANDBOXING = YES;
				GCC_C_LANGUAGE_STANDARD = gnu17;
				GCC_DYNAMIC_NO_PIC = NO;
				GCC_NO_COMMON_BLOCKS = YES;
				GCC_OPTIMIZATION_LEVEL = 0;
				GCC_PREPROCESSOR_DEFINITIONS = (
					"DEBUG=1",
					"$(inherited)",
				);
				GCC_WARN_64_TO_32_BIT_CONVERSION = YES;
				GCC_WARN_ABOUT_RETURN_TYPE = YES_ERROR;
				GCC_WARN_UNDECLARED_SELECTOR = YES;
				GCC_WARN_UNINITIALIZED_AUTOS = YES_AGGRESSIVE;
				GCC_WARN_UNUSED_FUNCTION = YES;
				GCC_WARN_UNUSED_VARIABLE = YES;
				IPHONEOS_DEPLOYMENT_TARGET = 17.5;
				LOCALIZATION_PREFERS_STRING_CATALOGS = YES;
				MTL_ENABLE_DEBUG_INFO = INCLUDE_SOURCE;
				MTL_FAST_MATH = YES;
				ONLY_ACTIVE_ARCH = YES;
				SDKROOT = iphoneos;
				SWIFT_ACTIVE_COMPILATION_CONDITIONS = "DEBUG $(inherited)";
				SWIFT_OPTIMIZATION_LEVEL = "-Onone";
			};
			name = Debug;
		};
		8949BE802C360A6400871C69 /* Release */ = {
			isa = XCBuildConfiguration;
			buildSettings = {
				ALWAYS_SEARCH_USER_PATHS = NO;
				ASSETCATALOG_COMPILER_GENERATE_SWIFT_ASSET_SYMBOL_EXTENSIONS = YES;
				CLANG_ANALYZER_NONNULL = YES;
				CLANG_ANALYZER_NUMBER_OBJECT_CONVERSION = YES_AGGRESSIVE;
				CLANG_CXX_LANGUAGE_STANDARD = "gnu++20";
				CLANG_ENABLE_MODULES = YES;
				CLANG_ENABLE_OBJC_ARC = YES;
				CLANG_ENABLE_OBJC_WEAK = YES;
				CLANG_WARN_BLOCK_CAPTURE_AUTORELEASING = YES;
				CLANG_WARN_BOOL_CONVERSION = YES;
				CLANG_WARN_COMMA = YES;
				CLANG_WARN_CONSTANT_CONVERSION = YES;
				CLANG_WARN_DEPRECATED_OBJC_IMPLEMENTATIONS = YES;
				CLANG_WARN_DIRECT_OBJC_ISA_USAGE = YES_ERROR;
				CLANG_WARN_DOCUMENTATION_COMMENTS = YES;
				CLANG_WARN_EMPTY_BODY = YES;
				CLANG_WARN_ENUM_CONVERSION = YES;
				CLANG_WARN_INFINITE_RECURSION = YES;
				CLANG_WARN_INT_CONVERSION = YES;
				CLANG_WARN_NON_LITERAL_NULL_CONVERSION = YES;
				CLANG_WARN_OBJC_IMPLICIT_RETAIN_SELF = YES;
				CLANG_WARN_OBJC_LITERAL_CONVERSION = YES;
				CLANG_WARN_OBJC_ROOT_CLASS = YES_ERROR;
				CLANG_WARN_QUOTED_INCLUDE_IN_FRAMEWORK_HEADER = YES;
				CLANG_WARN_RANGE_LOOP_ANALYSIS = YES;
				CLANG_WARN_STRICT_PROTOTYPES = YES;
				CLANG_WARN_SUSPICIOUS_MOVE = YES;
				CLANG_WARN_UNGUARDED_AVAILABILITY = YES_AGGRESSIVE;
				CLANG_WARN_UNREACHABLE_CODE = YES;
				CLANG_WARN__DUPLICATE_METHOD_MATCH = YES;
				COPY_PHASE_STRIP = NO;
				DEBUG_INFORMATION_FORMAT = "dwarf-with-dsym";
				ENABLE_NS_ASSERTIONS = NO;
				ENABLE_STRICT_OBJC_MSGSEND = YES;
				ENABLE_USER_SCRIPT_SANDBOXING = YES;
				GCC_C_LANGUAGE_STANDARD = gnu17;
				GCC_NO_COMMON_BLOCKS = YES;
				GCC_WARN_64_TO_32_BIT_CONVERSION = YES;
				GCC_WARN_ABOUT_RETURN_TYPE = YES_ERROR;
				GCC_WARN_UNDECLARED_SELECTOR = YES;
				GCC_WARN_UNINITIALIZED_AUTOS = YES_AGGRESSIVE;
				GCC_WARN_UNUSED_FUNCTION = YES;
				GCC_WARN_UNUSED_VARIABLE = YES;
				IPHONEOS_DEPLOYMENT_TARGET = 17.5;
				LOCALIZATION_PREFERS_STRING_CATALOGS = YES;
				MTL_ENABLE_DEBUG_INFO = NO;
				MTL_FAST_MATH = YES;
				SDKROOT = iphoneos;
				SWIFT_COMPILATION_MODE = wholemodule;
				VALIDATE_PRODUCT = YES;
			};
			name = Release;
		};
		8949BE822C360A6400871C69 /* Debug */ = {
			isa = XCBuildConfiguration;
			buildSettings = {
				ASSETCATALOG_COMPILER_APPICON_NAME = AppIcon;
				ASSETCATALOG_COMPILER_GLOBAL_ACCENT_COLOR_NAME = AccentColor;
				CODE_SIGN_STYLE = Automatic;
				CURRENT_PROJECT_VERSION = 1;
				DEVELOPMENT_TEAM = 7UW5874D4F;
				GENERATE_INFOPLIST_FILE = YES;
				INFOPLIST_FILE = "ViewCode+MVC+Coordinator/Info.plist";
				INFOPLIST_KEY_UIApplicationSupportsIndirectInputEvents = YES;
				INFOPLIST_KEY_UILaunchStoryboardName = LaunchScreen;
				INFOPLIST_KEY_UISupportedInterfaceOrientations_iPad = "UIInterfaceOrientationPortrait UIInterfaceOrientationPortraitUpsideDown UIInterfaceOrientationLandscapeLeft UIInterfaceOrientationLandscapeRight";
				INFOPLIST_KEY_UISupportedInterfaceOrientations_iPhone = "UIInterfaceOrientationPortrait UIInterfaceOrientationLandscapeLeft UIInterfaceOrientationLandscapeRight";
				LD_RUNPATH_SEARCH_PATHS = (
					"$(inherited)",
					"@executable_path/Frameworks",
				);
				MARKETING_VERSION = 1.0;
				PRODUCT_BUNDLE_IDENTIFIER = "com.thaisrfernandes.ViewCode-MVC-Coordinator";
				PRODUCT_NAME = "$(TARGET_NAME)";
				SUPPORTED_PLATFORMS = "iphoneos iphonesimulator";
				SUPPORTS_MACCATALYST = NO;
				SWIFT_EMIT_LOC_STRINGS = YES;
				SWIFT_VERSION = 5.0;
				TARGETED_DEVICE_FAMILY = "1,2";
			};
			name = Debug;
		};
		8949BE832C360A6400871C69 /* Release */ = {
			isa = XCBuildConfiguration;
			buildSettings = {
				ASSETCATALOG_COMPILER_APPICON_NAME = AppIcon;
				ASSETCATALOG_COMPILER_GLOBAL_ACCENT_COLOR_NAME = AccentColor;
				CODE_SIGN_STYLE = Automatic;
				CURRENT_PROJECT_VERSION = 1;
				DEVELOPMENT_TEAM = 7UW5874D4F;
				GENERATE_INFOPLIST_FILE = YES;
				INFOPLIST_FILE = "ViewCode+MVC+Coordinator/Info.plist";
				INFOPLIST_KEY_UIApplicationSupportsIndirectInputEvents = YES;
				INFOPLIST_KEY_UILaunchStoryboardName = LaunchScreen;
				INFOPLIST_KEY_UISupportedInterfaceOrientations_iPad = "UIInterfaceOrientationPortrait UIInterfaceOrientationPortraitUpsideDown UIInterfaceOrientationLandscapeLeft UIInterfaceOrientationLandscapeRight";
				INFOPLIST_KEY_UISupportedInterfaceOrientations_iPhone = "UIInterfaceOrientationPortrait UIInterfaceOrientationLandscapeLeft UIInterfaceOrientationLandscapeRight";
				LD_RUNPATH_SEARCH_PATHS = (
					"$(inherited)",
					"@executable_path/Frameworks",
				);
				MARKETING_VERSION = 1.0;
				PRODUCT_BUNDLE_IDENTIFIER = "com.thaisrfernandes.ViewCode-MVC-Coordinator";
				PRODUCT_NAME = "$(TARGET_NAME)";
				SUPPORTED_PLATFORMS = "iphoneos iphonesimulator";
				SUPPORTS_MACCATALYST = NO;
				SWIFT_EMIT_LOC_STRINGS = YES;
				SWIFT_VERSION = 5.0;
				TARGETED_DEVICE_FAMILY = "1,2";
			};
			name = Release;
		};
		8949BE852C360A6400871C69 /* Debug */ = {
			isa = XCBuildConfiguration;
			buildSettings = {
				ALWAYS_EMBED_SWIFT_STANDARD_LIBRARIES = YES;
				BUNDLE_LOADER = "$(TEST_HOST)";
				CODE_SIGN_STYLE = Automatic;
				CURRENT_PROJECT_VERSION = 1;
				DEVELOPMENT_TEAM = 7UW5874D4F;
				GENERATE_INFOPLIST_FILE = YES;
				IPHONEOS_DEPLOYMENT_TARGET = 17.5;
				MARKETING_VERSION = 1.0;
				PRODUCT_BUNDLE_IDENTIFIER = "com.thaisrfernandes.ViewCode-MVC-CoordinatorTests";
				PRODUCT_NAME = "$(TARGET_NAME)";
				SWIFT_EMIT_LOC_STRINGS = NO;
				SWIFT_VERSION = 5.0;
				TARGETED_DEVICE_FAMILY = "1,2";
				TEST_HOST = "$(BUILT_PRODUCTS_DIR)/ViewCode+MVC+Coordinator.app/$(BUNDLE_EXECUTABLE_FOLDER_PATH)/ViewCode+MVC+Coordinator";
			};
			name = Debug;
		};
		8949BE862C360A6400871C69 /* Release */ = {
			isa = XCBuildConfiguration;
			buildSettings = {
				ALWAYS_EMBED_SWIFT_STANDARD_LIBRARIES = YES;
				BUNDLE_LOADER = "$(TEST_HOST)";
				CODE_SIGN_STYLE = Automatic;
				CURRENT_PROJECT_VERSION = 1;
				DEVELOPMENT_TEAM = 7UW5874D4F;
				GENERATE_INFOPLIST_FILE = YES;
				IPHONEOS_DEPLOYMENT_TARGET = 17.5;
				MARKETING_VERSION = 1.0;
				PRODUCT_BUNDLE_IDENTIFIER = "com.thaisrfernandes.ViewCode-MVC-CoordinatorTests";
				PRODUCT_NAME = "$(TARGET_NAME)";
				SWIFT_EMIT_LOC_STRINGS = NO;
				SWIFT_VERSION = 5.0;
				TARGETED_DEVICE_FAMILY = "1,2";
				TEST_HOST = "$(BUILT_PRODUCTS_DIR)/ViewCode+MVC+Coordinator.app/$(BUNDLE_EXECUTABLE_FOLDER_PATH)/ViewCode+MVC+Coordinator";
			};
			name = Release;
		};
		8949BE882C360A6400871C69 /* Debug */ = {
			isa = XCBuildConfiguration;
			buildSettings = {
				ALWAYS_EMBED_SWIFT_STANDARD_LIBRARIES = YES;
				CODE_SIGN_STYLE = Automatic;
				CURRENT_PROJECT_VERSION = 1;
				DEVELOPMENT_TEAM = 7UW5874D4F;
				GENERATE_INFOPLIST_FILE = YES;
				MARKETING_VERSION = 1.0;
				PRODUCT_BUNDLE_IDENTIFIER = "com.thaisrfernandes.ViewCode-MVC-CoordinatorUITests";
				PRODUCT_NAME = "$(TARGET_NAME)";
				SWIFT_EMIT_LOC_STRINGS = NO;
				SWIFT_VERSION = 5.0;
				TARGETED_DEVICE_FAMILY = "1,2";
				TEST_TARGET_NAME = "ViewCode+MVC+Coordinator";
			};
			name = Debug;
		};
		8949BE892C360A6400871C69 /* Release */ = {
			isa = XCBuildConfiguration;
			buildSettings = {
				ALWAYS_EMBED_SWIFT_STANDARD_LIBRARIES = YES;
				CODE_SIGN_STYLE = Automatic;
				CURRENT_PROJECT_VERSION = 1;
				DEVELOPMENT_TEAM = 7UW5874D4F;
				GENERATE_INFOPLIST_FILE = YES;
				MARKETING_VERSION = 1.0;
				PRODUCT_BUNDLE_IDENTIFIER = "com.thaisrfernandes.ViewCode-MVC-CoordinatorUITests";
				PRODUCT_NAME = "$(TARGET_NAME)";
				SWIFT_EMIT_LOC_STRINGS = NO;
				SWIFT_VERSION = 5.0;
				TARGETED_DEVICE_FAMILY = "1,2";
				TEST_TARGET_NAME = "ViewCode+MVC+Coordinator";
			};
			name = Release;
		};
/* End XCBuildConfiguration section */

/* Begin XCConfigurationList section */
		8949BE4F2C360A6300871C69 /* Build configuration list for PBXProject "ViewCode+MVC+Coordinator" */ = {
			isa = XCConfigurationList;
			buildConfigurations = (
				8949BE7F2C360A6400871C69 /* Debug */,
				8949BE802C360A6400871C69 /* Release */,
			);
			defaultConfigurationIsVisible = 0;
			defaultConfigurationName = Release;
		};
		8949BE812C360A6400871C69 /* Build configuration list for PBXNativeTarget "ViewCode+MVC+Coordinator" */ = {
			isa = XCConfigurationList;
			buildConfigurations = (
				8949BE822C360A6400871C69 /* Debug */,
				8949BE832C360A6400871C69 /* Release */,
			);
			defaultConfigurationIsVisible = 0;
			defaultConfigurationName = Release;
		};
		8949BE842C360A6400871C69 /* Build configuration list for PBXNativeTarget "ViewCode+MVC+CoordinatorTests" */ = {
			isa = XCConfigurationList;
			buildConfigurations = (
				8949BE852C360A6400871C69 /* Debug */,
				8949BE862C360A6400871C69 /* Release */,
			);
			defaultConfigurationIsVisible = 0;
			defaultConfigurationName = Release;
		};
		8949BE872C360A6400871C69 /* Build configuration list for PBXNativeTarget "ViewCode+MVC+CoordinatorUITests" */ = {
			isa = XCConfigurationList;
			buildConfigurations = (
				8949BE882C360A6400871C69 /* Debug */,
				8949BE892C360A6400871C69 /* Release */,
			);
			defaultConfigurationIsVisible = 0;
			defaultConfigurationName = Release;
		};
/* End XCConfigurationList section */

/* Begin XCVersionGroup section */
		8949BE602C360A6300871C69 /* ViewCode_MVC_Coordinator.xcdatamodeld */ = {
			isa = XCVersionGroup;
			children = (
				8949BE612C360A6300871C69 /* ViewCode_MVC_Coordinator.xcdatamodel */,
			);
			currentVersion = 8949BE612C360A6300871C69 /* ViewCode_MVC_Coordinator.xcdatamodel */;
			path = ViewCode_MVC_Coordinator.xcdatamodeld;
			sourceTree = "<group>";
			versionGroupType = wrapper.xcdatamodel;
		};
/* End XCVersionGroup section */
	};
	rootObject = 8949BE4C2C360A6300871C69 /* Project object */;
}
